
Microsoft Visual Studio Solution File, Format Version 12.00
# Visual Studio 2013
VisualStudioVersion = 12.0.31101.0
MinimumVisualStudioVersion = 10.0.40219.1
Project("{2150E333-8FDC-42A3-9474-1A3956D46DE8}") = "Domains", "Domains", "{1536B962-09E1-4A98-B354-31702323C969}"
EndProject
Project("{2150E333-8FDC-42A3-9474-1A3956D46DE8}") = "Framework", "Framework", "{F8D6671F-DAA2-4A25-B408-34E98284A5A8}"
EndProject
Project("{2150E333-8FDC-42A3-9474-1A3956D46DE8}") = "Docs", "Docs", "{376B2A7E-743F-41B3-BBAD-B1EB3174D76A}"
	ProjectSection(SolutionItems) = preProject
		LICENSE.md = LICENSE.md
		README.md = README.md
	EndProjectSection
EndProject
Project("{2150E333-8FDC-42A3-9474-1A3956D46DE8}") = "Samples", "Samples", "{5609E552-7F02-4703-98EE-552720164617}"
EndProject
Project("{FAE04EC0-301F-11D3-BF4B-00C04F79EFBC}") = "SharpDomain", "Framework\SharpDomain\SharpDomain.csproj", "{7ADEC00D-CF0C-4AAA-8F78-DA35AB71C07F}"
EndProject
Project("{FAE04EC0-301F-11D3-BF4B-00C04F79EFBC}") = "SharpDomain.Specs", "Framework\SharpDomain.Specs\SharpDomain.Specs.csproj", "{FC3D7E88-633E-4B7E-88FC-301FA3E0C2EB}"
EndProject
Project("{2150E333-8FDC-42A3-9474-1A3956D46DE8}") = ".nuget", ".nuget", "{79BE3893-0351-4927-9291-03482607EAFE}"
	ProjectSection(SolutionItems) = preProject
		.nuget\NuGet.Config = .nuget\NuGet.Config
		.nuget\NuGet.exe = .nuget\NuGet.exe
		.nuget\NuGet.targets = .nuget\NuGet.targets
	EndProjectSection
EndProject
Project("{2150E333-8FDC-42A3-9474-1A3956D46DE8}") = "Config", "Config", "{66C80F86-2BDF-4888-A926-BD3FC2FF3644}"
	ProjectSection(SolutionItems) = preProject
		RabbitMQ.txt = RabbitMQ.txt
	EndProjectSection
EndProject
Project("{2150E333-8FDC-42A3-9474-1A3956D46DE8}") = "Tools", "Tools", "{86FFB953-7E24-4E8A-9CDB-8086BC3BBC24}"
EndProject
Project("{FAE04EC0-301F-11D3-BF4B-00C04F79EFBC}") = "MSMQConsoleSnoop", "Tools\MSMQConsoleSnoop\MSMQConsoleSnoop.csproj", "{F441DF33-8C5D-478F-9183-BA7C4BA9D9F0}"
EndProject
Project("{2150E333-8FDC-42A3-9474-1A3956D46DE8}") = "Extensions", "Extensions", "{50986936-F5A1-47BC-A94C-A02FBF6EE751}"
EndProject
Project("{FAE04EC0-301F-11D3-BF4B-00C04F79EFBC}") = "SharpDomain.MSMQ", "Extensions\SharpDomain.MSMQ\SharpDomain.MSMQ.csproj", "{8FF27FA7-62F1-4AFD-BE49-7BA5EFFB820A}"
EndProject
Project("{FAE04EC0-301F-11D3-BF4B-00C04F79EFBC}") = "SharpDomain.NServiceBus", "Extensions\SharpDomain.NServiceBus\SharpDomain.NServiceBus.csproj", "{8C7BA534-B3BA-46E1-9228-1F2AC6A54DD1}"
EndProject
Global
	GlobalSection(SolutionConfigurationPlatforms) = preSolution
		Debug|Any CPU = Debug|Any CPU
		Release|Any CPU = Release|Any CPU
	EndGlobalSection
	GlobalSection(ProjectConfigurationPlatforms) = postSolution
		{7ADEC00D-CF0C-4AAA-8F78-DA35AB71C07F}.Debug|Any CPU.ActiveCfg = Debug|Any CPU
		{7ADEC00D-CF0C-4AAA-8F78-DA35AB71C07F}.Debug|Any CPU.Build.0 = Debug|Any CPU
		{7ADEC00D-CF0C-4AAA-8F78-DA35AB71C07F}.Release|Any CPU.ActiveCfg = Release|Any CPU
		{7ADEC00D-CF0C-4AAA-8F78-DA35AB71C07F}.Release|Any CPU.Build.0 = Release|Any CPU
		{FC3D7E88-633E-4B7E-88FC-301FA3E0C2EB}.Debug|Any CPU.ActiveCfg = Debug|Any CPU
		{FC3D7E88-633E-4B7E-88FC-301FA3E0C2EB}.Debug|Any CPU.Build.0 = Debug|Any CPU
		{FC3D7E88-633E-4B7E-88FC-301FA3E0C2EB}.Release|Any CPU.ActiveCfg = Release|Any CPU
		{FC3D7E88-633E-4B7E-88FC-301FA3E0C2EB}.Release|Any CPU.Build.0 = Release|Any CPU
		{F441DF33-8C5D-478F-9183-BA7C4BA9D9F0}.Debug|Any CPU.ActiveCfg = Debug|Any CPU
		{F441DF33-8C5D-478F-9183-BA7C4BA9D9F0}.Debug|Any CPU.Build.0 = Debug|Any CPU
		{F441DF33-8C5D-478F-9183-BA7C4BA9D9F0}.Release|Any CPU.ActiveCfg = Release|Any CPU
		{F441DF33-8C5D-478F-9183-BA7C4BA9D9F0}.Release|Any CPU.Build.0 = Release|Any CPU
		{8FF27FA7-62F1-4AFD-BE49-7BA5EFFB820A}.Debug|Any CPU.ActiveCfg = Debug|Any CPU
		{8FF27FA7-62F1-4AFD-BE49-7BA5EFFB820A}.Debug|Any CPU.Build.0 = Debug|Any CPU
		{8FF27FA7-62F1-4AFD-BE49-7BA5EFFB820A}.Release|Any CPU.ActiveCfg = Release|Any CPU
		{8FF27FA7-62F1-4AFD-BE49-7BA5EFFB820A}.Release|Any CPU.Build.0 = Release|Any CPU
		{8C7BA534-B3BA-46E1-9228-1F2AC6A54DD1}.Debug|Any CPU.ActiveCfg = Debug|Any CPU
		{8C7BA534-B3BA-46E1-9228-1F2AC6A54DD1}.Debug|Any CPU.Build.0 = Debug|Any CPU
		{8C7BA534-B3BA-46E1-9228-1F2AC6A54DD1}.Release|Any CPU.ActiveCfg = Release|Any CPU
		{8C7BA534-B3BA-46E1-9228-1F2AC6A54DD1}.Release|Any CPU.Build.0 = Release|Any CPU
	EndGlobalSection
	GlobalSection(SolutionProperties) = preSolution
		HideSolutionNode = FALSE
	EndGlobalSection
	GlobalSection(NestedProjects) = preSolution
		{7ADEC00D-CF0C-4AAA-8F78-DA35AB71C07F} = {F8D6671F-DAA2-4A25-B408-34E98284A5A8}
		{FC3D7E88-633E-4B7E-88FC-301FA3E0C2EB} = {F8D6671F-DAA2-4A25-B408-34E98284A5A8}
		{66C80F86-2BDF-4888-A926-BD3FC2FF3644} = {376B2A7E-743F-41B3-BBAD-B1EB3174D76A}
		{F441DF33-8C5D-478F-9183-BA7C4BA9D9F0} = {86FFB953-7E24-4E8A-9CDB-8086BC3BBC24}
		{8FF27FA7-62F1-4AFD-BE49-7BA5EFFB820A} = {50986936-F5A1-47BC-A94C-A02FBF6EE751}
		{8C7BA534-B3BA-46E1-9228-1F2AC6A54DD1} = {50986936-F5A1-47BC-A94C-A02FBF6EE751}
	EndGlobalSection
EndGlobal
